Microsoft Visual Studio Solution File, Format Version 12.00
# Visual Studio Version 17
VisualStudioVersion = 17.5.2.0
MinimumVisualStudioVersion = 10.0.40219.1
Project("{FAE04EC0-301F-11D3-BF4B-00C04F79EFBC}") = "AmiguLand.API", "AmiguLand.API\AmiguLand.API.csproj", "{76551AEC-2023-A395-6722-134A2242DD26}"
EndProject
Global
	GlobalSection(SolutionConfigurationPlatforms) = preSolution
		Debug|Any CPU = Debug|Any CPU
		Release|Any CPU = Release|Any CPU
	EndGlobalSection
	GlobalSection(ProjectConfigurationPlatforms) = postSolution
		{76551AEC-2023-A395-6722-134A2242DD26}.Debug|Any CPU.ActiveCfg = Debug|Any CPU
		{76551AEC-2023-A395-6722-134A2242DD26}.Debug|Any CPU.Build.0 = Debug|Any CPU
		{76551AEC-2023-A395-6722-134A2242DD26}.Release|Any CPU.ActiveCfg = Release|Any CPU
		{76551AEC-2023-A395-6722-134A2242DD26}.Release|Any CPU.Build.0 = Release|Any CPU
	EndGlobalSection
	GlobalSection(SolutionProperties) = preSolution
		HideSolutionNode = FALSE
	EndGlobalSection
	GlobalSection(ExtensibilityGlobals) = postSolution
		SolutionGuid = {412A06D5-0A4F-4C3E-A7EA-A03182C0A387}
	EndGlobalSection
EndGlobal
